
Microsoft Visual Studio Solution File, Format Version 10.00
# Visual Studio 2008
Project("{FAE04EC0-301F-11D3-BF4B-00C04F79EFBC}") = "Huseyint.Windows7", "Huseyint.Windows7\Huseyint.Windows7.csproj", "{089093FE-99B8-41F3-A660-2A785068AE4D}"
EndProject
Project("{FAE04EC0-301F-11D3-BF4B-00C04F79EFBC}") = "Windows Forms Demo", "Windows Forms Demo\Windows Forms Demo.csproj", "{3ACA4372-24E0-453D-B477-4ADFA372C2B1}"
EndProject
Project("{2150E333-8FDC-42A3-9474-1A3956D46DE8}") = "Solution Items", "Solution Items", "{A65AA6BE-5B02-46DD-B0BC-58650238AB16}"
	ProjectSection(SolutionItems) = preProject
		License.txt = License.txt
	EndProjectSection
EndProject
Global
	GlobalSection(TeamFoundationVersionControl) = preSolution
		SccNumberOfProjects = 3
		SccEnterpriseProvider = {4CA58AB2-18FA-4F8D-95D4-32DDF27D184C}
		SccTeamFoundationServer = https://tfs09.codeplex.com/
		SccLocalPath0 = .
		SccProjectUniqueName1 = Huseyint.Windows7\\Huseyint.Windows7.csproj
		SccProjectName1 = Huseyint.Windows7
		SccLocalPath1 = Huseyint.Windows7
		SccProjectUniqueName2 = Windows\u0020Forms\u0020Demo\\Windows\u0020Forms\u0020Demo.csproj
		SccProjectName2 = Windows\u0020Forms\u0020Demo
		SccLocalPath2 = Windows\u0020Forms\u0020Demo
	EndGlobalSection
	GlobalSection(SolutionConfigurationPlatforms) = preSolution
		Debug|Any CPU = Debug|Any CPU
		Release|Any CPU = Release|Any CPU
	EndGlobalSection
	GlobalSection(ProjectConfigurationPlatforms) = postSolution
		{089093FE-99B8-41F3-A660-2A785068AE4D}.Debug|Any CPU.ActiveCfg = Debug|Any CPU
		{089093FE-99B8-41F3-A660-2A785068AE4D}.Debug|Any CPU.Build.0 = Debug|Any CPU
		{089093FE-99B8-41F3-A660-2A785068AE4D}.Release|Any CPU.ActiveCfg = Release|Any CPU
		{089093FE-99B8-41F3-A660-2A785068AE4D}.Release|Any CPU.Build.0 = Release|Any CPU
		{3ACA4372-24E0-453D-B477-4ADFA372C2B1}.Debug|Any CPU.ActiveCfg = Debug|Any CPU
		{3ACA4372-24E0-453D-B477-4ADFA372C2B1}.Debug|Any CPU.Build.0 = Debug|Any CPU
		{3ACA4372-24E0-453D-B477-4ADFA372C2B1}.Release|Any CPU.ActiveCfg = Release|Any CPU
		{3ACA4372-24E0-453D-B477-4ADFA372C2B1}.Release|Any CPU.Build.0 = Release|Any CPU
	EndGlobalSection
	GlobalSection(SolutionProperties) = preSolution
		HideSolutionNode = FALSE
	EndGlobalSection
EndGlobal
