
Microsoft Visual Studio Solution File, Format Version 10.00
# Visual Studio 2008
Project("{FAE04EC0-301F-11D3-BF4B-00C04F79EFBC}") = "Huseyint.Windows7.WindowsForms", "Huseyint.Windows7\Huseyint.Windows7.WindowsForms.csproj", "{089093FE-99B8-41F3-A660-2A785068AE4D}"
EndProject
Project("{FAE04EC0-301F-11D3-BF4B-00C04F79EFBC}") = "Windows Forms Demo", "Windows Forms Demo\Windows Forms Demo.csproj", "{3ACA4372-24E0-453D-B477-4ADFA372C2B1}"
EndProject
Project("{2150E333-8FDC-42A3-9474-1A3956D46DE8}") = "Solution Items", "Solution Items", "{A65AA6BE-5B02-46DD-B0BC-58650238AB16}"
	ProjectSection(SolutionItems) = preProject
		IconHandle.cs = IconHandle.cs
		License.txt = License.txt
		ProgressState.cs = ProgressState.cs
		Settings.StyleCop = Settings.StyleCop
		ThumbnailBarButtonBase.cs = ThumbnailBarButtonBase.cs
	EndProjectSection
EndProject
Project("{2150E333-8FDC-42A3-9474-1A3956D46DE8}") = "Native", "Native", "{F61C4F53-FAA0-4795-932B-C8A74591CF49}"
	ProjectSection(SolutionItems) = preProject
		ITaskbarList3.cs = ITaskbarList3.cs
		RECT.cs = RECT.cs
		TBATFLAG.cs = TBATFLAG.cs
		TBPFLAG.cs = TBPFLAG.cs
		THBFLAGS.cs = THBFLAGS.cs
		THBMASK.cs = THBMASK.cs
		THUMBBUTTON.cs = THUMBBUTTON.cs
		Win32.cs = Win32.cs
	EndProjectSection
EndProject
Project("{FAE04EC0-301F-11D3-BF4B-00C04F79EFBC}") = "Huseyint.Windows7.WPF", "Huseyint.Windows7.WPF\Huseyint.Windows7.WPF.csproj", "{FA1FD008-93C0-4196-B6EE-6BFCE3184CF5}"
EndProject
Project("{FAE04EC0-301F-11D3-BF4B-00C04F79EFBC}") = "WPF Demo", "WPF Demo\WPF Demo.csproj", "{24F1B542-6008-4C8F-9068-AFD337B99707}"
EndProject
Global
	GlobalSection(TeamFoundationVersionControl) = preSolution
		SccNumberOfProjects = 5
		SccEnterpriseProvider = {4CA58AB2-18FA-4F8D-95D4-32DDF27D184C}
		SccTeamFoundationServer = https://tfs09.codeplex.com/
		SccLocalPath0 = .
		SccProjectUniqueName1 = Windows\u0020Forms\u0020Demo\\Windows\u0020Forms\u0020Demo.csproj
		SccProjectName1 = Windows\u0020Forms\u0020Demo
		SccLocalPath1 = Windows\u0020Forms\u0020Demo
		SccProjectUniqueName2 = Huseyint.Windows7\\Huseyint.Windows7.WindowsForms.csproj
		SccProjectName2 = Huseyint.Windows7
		SccLocalPath2 = Huseyint.Windows7
		SccProjectUniqueName3 = Huseyint.Windows7.WPF\\Huseyint.Windows7.WPF.csproj
		SccProjectName3 = Huseyint.Windows7.WPF
		SccLocalPath3 = Huseyint.Windows7.WPF
		SccProjectUniqueName4 = WPF\u0020Demo\\WPF\u0020Demo.csproj
		SccProjectName4 = WPF\u0020Demo
		SccLocalPath4 = WPF\u0020Demo
	EndGlobalSection
	GlobalSection(SolutionConfigurationPlatforms) = preSolution
		Debug|Any CPU = Debug|Any CPU
		Release|Any CPU = Release|Any CPU
	EndGlobalSection
	GlobalSection(ProjectConfigurationPlatforms) = postSolution
		{089093FE-99B8-41F3-A660-2A785068AE4D}.Debug|Any CPU.ActiveCfg = Debug|Any CPU
		{089093FE-99B8-41F3-A660-2A785068AE4D}.Debug|Any CPU.Build.0 = Debug|Any CPU
		{089093FE-99B8-41F3-A660-2A785068AE4D}.Release|Any CPU.ActiveCfg = Release|Any CPU
		{089093FE-99B8-41F3-A660-2A785068AE4D}.Release|Any CPU.Build.0 = Release|Any CPU
		{3ACA4372-24E0-453D-B477-4ADFA372C2B1}.Debug|Any CPU.ActiveCfg = Debug|Any CPU
		{3ACA4372-24E0-453D-B477-4ADFA372C2B1}.Debug|Any CPU.Build.0 = Debug|Any CPU
		{3ACA4372-24E0-453D-B477-4ADFA372C2B1}.Release|Any CPU.ActiveCfg = Release|Any CPU
		{3ACA4372-24E0-453D-B477-4ADFA372C2B1}.Release|Any CPU.Build.0 = Release|Any CPU
		{FA1FD008-93C0-4196-B6EE-6BFCE3184CF5}.Debug|Any CPU.ActiveCfg = Debug|Any CPU
		{FA1FD008-93C0-4196-B6EE-6BFCE3184CF5}.Debug|Any CPU.Build.0 = Debug|Any CPU
		{FA1FD008-93C0-4196-B6EE-6BFCE3184CF5}.Release|Any CPU.ActiveCfg = Release|Any CPU
		{FA1FD008-93C0-4196-B6EE-6BFCE3184CF5}.Release|Any CPU.Build.0 = Release|Any CPU
		{24F1B542-6008-4C8F-9068-AFD337B99707}.Debug|Any CPU.ActiveCfg = Debug|Any CPU
		{24F1B542-6008-4C8F-9068-AFD337B99707}.Debug|Any CPU.Build.0 = Debug|Any CPU
		{24F1B542-6008-4C8F-9068-AFD337B99707}.Release|Any CPU.ActiveCfg = Release|Any CPU
		{24F1B542-6008-4C8F-9068-AFD337B99707}.Release|Any CPU.Build.0 = Release|Any CPU
	EndGlobalSection
	GlobalSection(SolutionProperties) = preSolution
		HideSolutionNode = FALSE
	EndGlobalSection
	GlobalSection(NestedProjects) = preSolution
		{F61C4F53-FAA0-4795-932B-C8A74591CF49} = {A65AA6BE-5B02-46DD-B0BC-58650238AB16}
	EndGlobalSection
EndGlobal
